# THIS IS AN AUTOGENERATED FILE. DO NOT EDIT THIS FILE DIRECTLY.
# yarn lockfile v1


"@tarekraafat/autocomplete.js@^10.2.7":
  version "10.2.7"
  resolved "https://registry.yarnpkg.com/@tarekraafat/autocomplete.js/-/autocomplete.js-10.2.7.tgz#dca809890cec322379a2b430632d46a14f9f2f91"
  integrity sha512-iE+dnXI8/LrTaSORrnNdSyXg/bFCbCpz/R5GUdB3ioW+9PVEhglxNcSDQNeCXtrbRG0kOBFUd4unEiwcmqyn8A==

js-autocomplete@^1.0.4:
  version "1.0.4"
  resolved "https://registry.yarnpkg.com/js-autocomplete/-/js-autocomplete-1.0.4.tgz#be88231719a80e89724d0c20f778270c3c0b577d"
  integrity sha1-vogjFxmoDolyTQwg93gnDDwLV30=
